
Microsoft Visual Studio Solution File, Format Version 11.00
# Visual Studio 2010
Project("{FAE04EC0-301F-11D3-BF4B-00C04F79EFBC}") = "FXCalculator", "FXCalculator\FXCalculator.csproj", "{96B113E3-3909-49FA-B7C5-4BA3A961280A}"
EndProject
Global
	GlobalSection(SolutionConfigurationPlatforms) = preSolution
		Debug|x86 = Debug|x86
		Release|x86 = Release|x86
	EndGlobalSection
	GlobalSection(ProjectConfigurationPlatforms) = postSolution
		{96B113E3-3909-49FA-B7C5-4BA3A961280A}.Debug|x86.ActiveCfg = Debug|x86
		{96B113E3-3909-49FA-B7C5-4BA3A961280A}.Debug|x86.Build.0 = Debug|x86
		{96B113E3-3909-49FA-B7C5-4BA3A961280A}.Release|x86.ActiveCfg = Release|x86
		{96B113E3-3909-49FA-B7C5-4BA3A961280A}.Release|x86.Build.0 = Release|x86
	EndGlobalSection
	GlobalSection(SolutionProperties) = preSolution
		HideSolutionNode = FALSE
	EndGlobalSection
EndGlobal
